
Microsoft Visual Studio Solution File, Format Version 12.00
# Visual Studio 15
VisualStudioVersion = 15.0.27004.2005
MinimumVisualStudioVersion = 10.0.40219.1
Project("{FAE04EC0-301F-11D3-BF4B-00C04F79EFBC}") = "DocumentCaptureService", "DocumentCaptureService\DocumentCaptureService.csproj", "{1AB7D06F-EBD2-472B-B1E4-3DEB754FE987}"
EndProject
Global
	GlobalSection(SolutionConfigurationPlatforms) = preSolution
		Debug|Any CPU = Debug|Any CPU
		Release|Any CPU = Release|Any CPU
	EndGlobalSection
	GlobalSection(ProjectConfigurationPlatforms) = postSolution
		{1AB7D06F-EBD2-472B-B1E4-3DEB754FE987}.Debug|Any CPU.ActiveCfg = Debug|Any CPU
		{1AB7D06F-EBD2-472B-B1E4-3DEB754FE987}.Debug|Any CPU.Build.0 = Debug|Any CPU
		{1AB7D06F-EBD2-472B-B1E4-3DEB754FE987}.Release|Any CPU.ActiveCfg = Release|Any CPU
		{1AB7D06F-EBD2-472B-B1E4-3DEB754FE987}.Release|Any CPU.Build.0 = Release|Any CPU
	EndGlobalSection
	GlobalSection(SolutionProperties) = preSolution
		HideSolutionNode = FALSE
	EndGlobalSection
	GlobalSection(ExtensibilityGlobals) = postSolution
		SolutionGuid = {0E5DD191-3663-4E9F-8CC4-04A979DD0D6D}
	EndGlobalSection
EndGlobal
