
Microsoft Visual Studio Solution File, Format Version 12.00
# Visual Studio 15
VisualStudioVersion = 15.0.26403.0
MinimumVisualStudioVersion = 10.0.40219.1
Project("{2150E333-8FDC-42A3-9474-1A3956D46DE8}") = "Task1", "Task1", "{BACF02A0-57AC-4D27-9781-671711AA8166}"
EndProject
Project("{FAE04EC0-301F-11D3-BF4B-00C04F79EFBC}") = "MentoringUnit2_Task1_Tests", "Task1\MentoringUnit2_Task1_Tests\MentoringUnit2_Task1_Tests.csproj", "{99A74B73-4006-4240-97B9-CD7A84A73D8F}"
EndProject
Project("{2150E333-8FDC-42A3-9474-1A3956D46DE8}") = "Task2", "Task2", "{AD243C93-BADB-48E7-8798-BCCD0EB24246}"
EndProject
Project("{FAE04EC0-301F-11D3-BF4B-00C04F79EFBC}") = "XmlValidator", "Task1\XmlValidator\XmlValidator.csproj", "{1B9D098B-3E05-49B1-8844-415B1E046247}"
EndProject
Project("{FAE04EC0-301F-11D3-BF4B-00C04F79EFBC}") = "MentoringUnit2_Task1", "Task1\MentoringUnit2_Task1\MentoringUnit2_Task1.csproj", "{FA4565A5-0271-4E69-A2AC-4E5B9C5F7223}"
EndProject
Project("{FAE04EC0-301F-11D3-BF4B-00C04F79EFBC}") = "MentoringUnit2_Task2", "Task2\MentoringUnit2_Task2\MentoringUnit2_Task2.csproj", "{CBAFEFE6-1E73-4B34-9979-95DA3B4A33FB}"
EndProject
Project("{2150E333-8FDC-42A3-9474-1A3956D46DE8}") = "Task3", "Task3", "{4107075A-9E1D-4B0C-A43B-EC1B891E8EF5}"
EndProject
Project("{FAE04EC0-301F-11D3-BF4B-00C04F79EFBC}") = "MentoringUnit2_Task3", "Task3\MentoringUnit2_Task3\MentoringUnit2_Task3.csproj", "{1BC51DDE-855B-4559-B763-206CEB5D2C66}"
EndProject
Global
	GlobalSection(SolutionConfigurationPlatforms) = preSolution
		Debug|Any CPU = Debug|Any CPU
		Release|Any CPU = Release|Any CPU
	EndGlobalSection
	GlobalSection(ProjectConfigurationPlatforms) = postSolution
		{99A74B73-4006-4240-97B9-CD7A84A73D8F}.Debug|Any CPU.ActiveCfg = Debug|Any CPU
		{99A74B73-4006-4240-97B9-CD7A84A73D8F}.Debug|Any CPU.Build.0 = Debug|Any CPU
		{99A74B73-4006-4240-97B9-CD7A84A73D8F}.Release|Any CPU.ActiveCfg = Release|Any CPU
		{99A74B73-4006-4240-97B9-CD7A84A73D8F}.Release|Any CPU.Build.0 = Release|Any CPU
		{1B9D098B-3E05-49B1-8844-415B1E046247}.Debug|Any CPU.ActiveCfg = Debug|Any CPU
		{1B9D098B-3E05-49B1-8844-415B1E046247}.Debug|Any CPU.Build.0 = Debug|Any CPU
		{1B9D098B-3E05-49B1-8844-415B1E046247}.Release|Any CPU.ActiveCfg = Release|Any CPU
		{1B9D098B-3E05-49B1-8844-415B1E046247}.Release|Any CPU.Build.0 = Release|Any CPU
		{FA4565A5-0271-4E69-A2AC-4E5B9C5F7223}.Debug|Any CPU.ActiveCfg = Debug|Any CPU
		{FA4565A5-0271-4E69-A2AC-4E5B9C5F7223}.Debug|Any CPU.Build.0 = Debug|Any CPU
		{FA4565A5-0271-4E69-A2AC-4E5B9C5F7223}.Release|Any CPU.ActiveCfg = Release|Any CPU
		{FA4565A5-0271-4E69-A2AC-4E5B9C5F7223}.Release|Any CPU.Build.0 = Release|Any CPU
		{CBAFEFE6-1E73-4B34-9979-95DA3B4A33FB}.Debug|Any CPU.ActiveCfg = Debug|Any CPU
		{CBAFEFE6-1E73-4B34-9979-95DA3B4A33FB}.Debug|Any CPU.Build.0 = Debug|Any CPU
		{CBAFEFE6-1E73-4B34-9979-95DA3B4A33FB}.Release|Any CPU.ActiveCfg = Release|Any CPU
		{CBAFEFE6-1E73-4B34-9979-95DA3B4A33FB}.Release|Any CPU.Build.0 = Release|Any CPU
		{1BC51DDE-855B-4559-B763-206CEB5D2C66}.Debug|Any CPU.ActiveCfg = Debug|Any CPU
		{1BC51DDE-855B-4559-B763-206CEB5D2C66}.Debug|Any CPU.Build.0 = Debug|Any CPU
		{1BC51DDE-855B-4559-B763-206CEB5D2C66}.Release|Any CPU.ActiveCfg = Release|Any CPU
		{1BC51DDE-855B-4559-B763-206CEB5D2C66}.Release|Any CPU.Build.0 = Release|Any CPU
	EndGlobalSection
	GlobalSection(SolutionProperties) = preSolution
		HideSolutionNode = FALSE
	EndGlobalSection
	GlobalSection(NestedProjects) = preSolution
		{99A74B73-4006-4240-97B9-CD7A84A73D8F} = {BACF02A0-57AC-4D27-9781-671711AA8166}
		{1B9D098B-3E05-49B1-8844-415B1E046247} = {BACF02A0-57AC-4D27-9781-671711AA8166}
		{FA4565A5-0271-4E69-A2AC-4E5B9C5F7223} = {BACF02A0-57AC-4D27-9781-671711AA8166}
		{CBAFEFE6-1E73-4B34-9979-95DA3B4A33FB} = {AD243C93-BADB-48E7-8798-BCCD0EB24246}
		{1BC51DDE-855B-4559-B763-206CEB5D2C66} = {4107075A-9E1D-4B0C-A43B-EC1B891E8EF5}
	EndGlobalSection
EndGlobal
